
Microsoft Visual Studio Solution File, Format Version 12.00
# Visual Studio Version 16
VisualStudioVersion = 16.0.31321.278
MinimumVisualStudioVersion = 10.0.40219.1
Project("{FAE04EC0-301F-11D3-BF4B-00C04F79EFBC}") = "RemoteChangeServiceAccount", "RemoteChangeServiceAccount\RemoteChangeServiceAccount.csproj", "{AC6D06BD-A1C3-42C0-B079-EF3B11E26CFC}"
EndProject
Global
	GlobalSection(SolutionConfigurationPlatforms) = preSolution
		Debug|Any CPU = Debug|Any CPU
		Debug|x64 = Debug|x64
		Release|Any CPU = Release|Any CPU
		Release|x64 = Release|x64
	EndGlobalSection
	GlobalSection(ProjectConfigurationPlatforms) = postSolution
		{AC6D06BD-A1C3-42C0-B079-EF3B11E26CFC}.Debug|Any CPU.ActiveCfg = Debug|x64
		{AC6D06BD-A1C3-42C0-B079-EF3B11E26CFC}.Debug|Any CPU.Build.0 = Debug|x64
		{AC6D06BD-A1C3-42C0-B079-EF3B11E26CFC}.Debug|x64.ActiveCfg = Debug|x64
		{AC6D06BD-A1C3-42C0-B079-EF3B11E26CFC}.Debug|x64.Build.0 = Debug|x64
		{AC6D06BD-A1C3-42C0-B079-EF3B11E26CFC}.Release|Any CPU.ActiveCfg = Release|x64
		{AC6D06BD-A1C3-42C0-B079-EF3B11E26CFC}.Release|Any CPU.Build.0 = Release|x64
		{AC6D06BD-A1C3-42C0-B079-EF3B11E26CFC}.Release|x64.ActiveCfg = Release|x64
		{AC6D06BD-A1C3-42C0-B079-EF3B11E26CFC}.Release|x64.Build.0 = Release|x64
	EndGlobalSection
	GlobalSection(SolutionProperties) = preSolution
		HideSolutionNode = FALSE
	EndGlobalSection
	GlobalSection(ExtensibilityGlobals) = postSolution
		SolutionGuid = {8F4FEFA6-AEEE-4A92-A8E2-4FD6E3D76A8C}
	EndGlobalSection
EndGlobal
